
Microsoft Visual Studio Solution File, Format Version 12.00
# Visual Studio Version 17
VisualStudioVersion = 17.0.32112.339
MinimumVisualStudioVersion = 10.0.40219.1
Project("{8BC9CEB8-8B4A-11D0-8D11-00A0C91BC942}") = "Console-TicTacToe-CPP", "Console-TicTacToe-CPP.vcxproj", "{53889F33-B564-45D5-AAFB-401B5AD488BE}"
EndProject
Global
	GlobalSection(SolutionConfigurationPlatforms) = preSolution
		Debug|x64 = Debug|x64
		Debug|x86 = Debug|x86
		Release|x64 = Release|x64
		Release|x86 = Release|x86
	EndGlobalSection
	GlobalSection(ProjectConfigurationPlatforms) = postSolution
		{53889F33-B564-45D5-AAFB-401B5AD488BE}.Debug|x64.ActiveCfg = Debug|x64
		{53889F33-B564-45D5-AAFB-401B5AD488BE}.Debug|x64.Build.0 = Debug|x64
		{53889F33-B564-45D5-AAFB-401B5AD488BE}.Debug|x86.ActiveCfg = Debug|Win32
		{53889F33-B564-45D5-AAFB-401B5AD488BE}.Debug|x86.Build.0 = Debug|Win32
		{53889F33-B564-45D5-AAFB-401B5AD488BE}.Release|x64.ActiveCfg = Release|x64
		{53889F33-B564-45D5-AAFB-401B5AD488BE}.Release|x64.Build.0 = Release|x64
		{53889F33-B564-45D5-AAFB-401B5AD488BE}.Release|x86.ActiveCfg = Release|Win32
		{53889F33-B564-45D5-AAFB-401B5AD488BE}.Release|x86.Build.0 = Release|Win32
	EndGlobalSection
	GlobalSection(SolutionProperties) = preSolution
		HideSolutionNode = FALSE
	EndGlobalSection
	GlobalSection(ExtensibilityGlobals) = postSolution
		SolutionGuid = {CCD53FE6-F4E8-4500-B9D2-72D3D3D6ED6F}
	EndGlobalSection
EndGlobal
